
Microsoft Visual Studio Solution File, Format Version 12.00
# Visual Studio Version 17
VisualStudioVersion = 17.9.34728.123
MinimumVisualStudioVersion = 10.0.40219.1
Project("{FAE04EC0-301F-11D3-BF4B-00C04F79EFBC}") = "MvcCoreAWSPostgresEC2", "MvcCoreAWSPostgresEC2.csproj", "{7A340F1C-A41D-4274-929B-5C42561CAEAA}"
EndProject
Global
	GlobalSection(SolutionConfigurationPlatforms) = preSolution
		Debug|Any CPU = Debug|Any CPU
		Release|Any CPU = Release|Any CPU
	EndGlobalSection
	GlobalSection(ProjectConfigurationPlatforms) = postSolution
		{7A340F1C-A41D-4274-929B-5C42561CAEAA}.Debug|Any CPU.ActiveCfg = Debug|Any CPU
		{7A340F1C-A41D-4274-929B-5C42561CAEAA}.Debug|Any CPU.Build.0 = Debug|Any CPU
		{7A340F1C-A41D-4274-929B-5C42561CAEAA}.Release|Any CPU.ActiveCfg = Release|Any CPU
		{7A340F1C-A41D-4274-929B-5C42561CAEAA}.Release|Any CPU.Build.0 = Release|Any CPU
	EndGlobalSection
	GlobalSection(SolutionProperties) = preSolution
		HideSolutionNode = FALSE
	EndGlobalSection
	GlobalSection(ExtensibilityGlobals) = postSolution
		SolutionGuid = {1B783749-EE6A-4AA0-B9B1-B5C1B5448375}
	EndGlobalSection
EndGlobal
